
Microsoft Visual Studio Solution File, Format Version 11.00
# Visual Studio 2010
Project("{FAE04EC0-301F-11D3-BF4B-00C04F79EFBC}") = "AstarPathfindingProject", "AstarPathfindingProject.csproj", "{ecbc08cf-939a-7d3a-4f07-27f66c8a2535}"
EndProject
Project("{FAE04EC0-301F-11D3-BF4B-00C04F79EFBC}") = "Assembly-CSharp", "Assembly-CSharp.csproj", "{dd6e92ed-489f-db40-a6b7-bcf2356da0a5}"
EndProject
Project("{FAE04EC0-301F-11D3-BF4B-00C04F79EFBC}") = "Assembly-CSharp-firstpass", "Assembly-CSharp-firstpass.csproj", "{4a33b78d-4140-9b02-7aaa-2f8c4bd881ce}"
EndProject
Project("{FAE04EC0-301F-11D3-BF4B-00C04F79EFBC}") = "Assembly-CSharp-Editor", "Assembly-CSharp-Editor.csproj", "{722e2a02-194c-0198-32cf-2e72f4780a41}"
EndProject
Project("{FAE04EC0-301F-11D3-BF4B-00C04F79EFBC}") = "PackageToolsEditor", "PackageToolsEditor.csproj", "{aac45e85-0b11-d6aa-0b71-831d4fd6b151}"
EndProject
Project("{FAE04EC0-301F-11D3-BF4B-00C04F79EFBC}") = "AstarPathfindingProjectEditor", "AstarPathfindingProjectEditor.csproj", "{37a7d97c-b6d6-ad28-ab46-4be7e3bc0339}"
EndProject
Project("{FAE04EC0-301F-11D3-BF4B-00C04F79EFBC}") = "Assembly-CSharp-Editor-firstpass", "Assembly-CSharp-Editor-firstpass.csproj", "{ce2d64bc-b864-8129-e448-cc050eab5d2b}"
EndProject
Global
	GlobalSection(SolutionConfigurationPlatforms) = preSolution
		Debug|Any CPU = Debug|Any CPU
	EndGlobalSection
	GlobalSection(ProjectConfigurationPlatforms) = postSolution
		{ecbc08cf-939a-7d3a-4f07-27f66c8a2535}.Debug|Any CPU.ActiveCfg = Debug|Any CPU
		{ecbc08cf-939a-7d3a-4f07-27f66c8a2535}.Debug|Any CPU.Build.0 = Debug|Any CPU
		{dd6e92ed-489f-db40-a6b7-bcf2356da0a5}.Debug|Any CPU.ActiveCfg = Debug|Any CPU
		{dd6e92ed-489f-db40-a6b7-bcf2356da0a5}.Debug|Any CPU.Build.0 = Debug|Any CPU
		{4a33b78d-4140-9b02-7aaa-2f8c4bd881ce}.Debug|Any CPU.ActiveCfg = Debug|Any CPU
		{4a33b78d-4140-9b02-7aaa-2f8c4bd881ce}.Debug|Any CPU.Build.0 = Debug|Any CPU
		{722e2a02-194c-0198-32cf-2e72f4780a41}.Debug|Any CPU.ActiveCfg = Debug|Any CPU
		{722e2a02-194c-0198-32cf-2e72f4780a41}.Debug|Any CPU.Build.0 = Debug|Any CPU
		{aac45e85-0b11-d6aa-0b71-831d4fd6b151}.Debug|Any CPU.ActiveCfg = Debug|Any CPU
		{aac45e85-0b11-d6aa-0b71-831d4fd6b151}.Debug|Any CPU.Build.0 = Debug|Any CPU
		{37a7d97c-b6d6-ad28-ab46-4be7e3bc0339}.Debug|Any CPU.ActiveCfg = Debug|Any CPU
		{37a7d97c-b6d6-ad28-ab46-4be7e3bc0339}.Debug|Any CPU.Build.0 = Debug|Any CPU
		{ce2d64bc-b864-8129-e448-cc050eab5d2b}.Debug|Any CPU.ActiveCfg = Debug|Any CPU
		{ce2d64bc-b864-8129-e448-cc050eab5d2b}.Debug|Any CPU.Build.0 = Debug|Any CPU
	EndGlobalSection
	GlobalSection(SolutionProperties) = preSolution
		HideSolutionNode = FALSE
	EndGlobalSection
EndGlobal
